
Microsoft Visual Studio Solution File, Format Version 12.00
# Visual Studio Version 16
VisualStudioVersion = 16.0.31320.298
MinimumVisualStudioVersion = 10.0.40219.1
Project("{9A19103F-16F7-4668-BE54-9A1E7A4F7556}") = "Jellyfin.Blazor", "Jellyfin.Blazor\Jellyfin.Blazor.csproj", "{140F5A9B-0F7A-4696-9282-C7745A0DB927}"
EndProject
Global
	GlobalSection(SolutionConfigurationPlatforms) = preSolution
		Debug|Any CPU = Debug|Any CPU
		Debug|arm64 = Debug|arm64
		Debug|x64 = Debug|x64
		Debug|x86 = Debug|x86
		Release|Any CPU = Release|Any CPU
		Release|arm64 = Release|arm64
		Release|x64 = Release|x64
		Release|x86 = Release|x86
	EndGlobalSection
	GlobalSection(ProjectConfigurationPlatforms) = postSolution
		{140F5A9B-0F7A-4696-9282-C7745A0DB927}.Debug|Any CPU.ActiveCfg = Debug|Any CPU
		{140F5A9B-0F7A-4696-9282-C7745A0DB927}.Debug|Any CPU.Build.0 = Debug|Any CPU
		{140F5A9B-0F7A-4696-9282-C7745A0DB927}.Debug|arm64.ActiveCfg = Debug|Any CPU
		{140F5A9B-0F7A-4696-9282-C7745A0DB927}.Debug|arm64.Build.0 = Debug|Any CPU
		{140F5A9B-0F7A-4696-9282-C7745A0DB927}.Debug|x64.ActiveCfg = Debug|Any CPU
		{140F5A9B-0F7A-4696-9282-C7745A0DB927}.Debug|x64.Build.0 = Debug|Any CPU
		{140F5A9B-0F7A-4696-9282-C7745A0DB927}.Debug|x86.ActiveCfg = Debug|Any CPU
		{140F5A9B-0F7A-4696-9282-C7745A0DB927}.Debug|x86.Build.0 = Debug|Any CPU
		{140F5A9B-0F7A-4696-9282-C7745A0DB927}.Release|Any CPU.ActiveCfg = Release|Any CPU
		{140F5A9B-0F7A-4696-9282-C7745A0DB927}.Release|Any CPU.Build.0 = Release|Any CPU
		{140F5A9B-0F7A-4696-9282-C7745A0DB927}.Release|arm64.ActiveCfg = Release|Any CPU
		{140F5A9B-0F7A-4696-9282-C7745A0DB927}.Release|arm64.Build.0 = Release|Any CPU
		{140F5A9B-0F7A-4696-9282-C7745A0DB927}.Release|x64.ActiveCfg = Release|Any CPU
		{140F5A9B-0F7A-4696-9282-C7745A0DB927}.Release|x64.Build.0 = Release|Any CPU
		{140F5A9B-0F7A-4696-9282-C7745A0DB927}.Release|x86.ActiveCfg = Release|Any CPU
		{140F5A9B-0F7A-4696-9282-C7745A0DB927}.Release|x86.Build.0 = Release|Any CPU
	EndGlobalSection
	GlobalSection(SolutionProperties) = preSolution
		HideSolutionNode = FALSE
	EndGlobalSection
	GlobalSection(ExtensibilityGlobals) = postSolution
		SolutionGuid = {FA2309C3-A7B7-495A-BA11-B08C241025AC}
	EndGlobalSection
EndGlobal
